# This file is autogenerated, do not edit; changes may be undone by the next 'dep ensure'.


[[projects]]
  name = "cloud.google.com/go"
  packages = ["compute/metadata","internal"]
  revision = "2e6a95edb1071d750f6d7db777bf66cd2997af6c"
  version = "v0.7.0"

[[projects]]
  name = "github.com/BurntSushi/toml"
  packages = ["."]
  revision = "d94612f9fc140360834f9742158c70b5c5b5535b"

[[projects]]
  name = "github.com/bitly/go-simplejson"
  packages = ["."]
  revision = "da1a8928f709389522c8023062a3739f3b4af419"

[[projects]]
  name = "github.com/bitly/oauth2_proxy"
  packages = ["api","cookie","providers"]
  revision = "b90a23473f10c7bb2d84acd033f7d7ed81b95dd3"
  version = "v2.2"

[[projects]]
  name = "github.com/coreos/go-oidc"
  packages = ["."]
  revision = "c797a55f1c1001ec3169f1d0fbb4c5523563bec6"

[[projects]]
  name = "github.com/davecgh/go-spew"
  packages = ["spew"]
  revision = "346938d642f2ec3594ed81d874461961cd0faa76"
  version = "v1.1.0"

[[projects]]
  branch = "master"
  name = "github.com/golang/protobuf"
  packages = ["proto","ptypes","ptypes/any","ptypes/duration","ptypes/timestamp"]
  revision = "1e59b77b52bf8e4b449a57e6f79f21226d571845"

[[projects]]
  name = "github.com/googleapis/gax-go"
  packages = ["."]
  revision = "317e0006254c44a0ac427cc52a0e083ff0b9622f"
  version = "v2.0.0"

[[projects]]
  name = "github.com/mbland/hmacauth"
  packages = ["."]
  revision = "107c17adcc5eccc9935cd67d9bc2feaf5255d2cb"
  version = "1.0.2"

[[projects]]
  name = "github.com/mreiferson/go-options"
  packages = ["."]
  revision = "77551d20752b54535462404ad9d877ebdb26e53d"

[[projects]]
  name = "github.com/pmezard/go-difflib"
  packages = ["difflib"]
  revision = "792786c7400a136282c1664665ae0a8db921c6c2"
  version = "v1.0.0"

[[projects]]
  name = "github.com/pquerna/cachecontrol"
  packages = [".","cacheobject"]
  revision = "9299cc36e57c32f83e47ffb3c25d8a3dec10ea0b"

[[projects]]
  name = "github.com/stretchr/testify"
  packages = ["assert"]
  revision = "69483b4bd14f5845b5a1e55bca19e954e827f1d0"
  version = "v1.1.4"

[[projects]]
  name = "golang.org/x/net"
  packages = ["context","context/ctxhttp","http2","http2/hpack","idna","internal/timeseries","lex/httplex","trace"]
  revision = "242b6b35177ec3909636b6cf6a47e8c2c6324b5d"

[[projects]]
  name = "golang.org/x/oauth2"
  packages = [".","google","internal","jws","jwt"]
  revision = "7fdf09982454086d5570c7db3e11f360194830ca"

[[projects]]
  name = "google.golang.org/api"
  packages = ["admin/directory/v1","gensupport","googleapi","googleapi/internal/uritemplates"]
  revision = "650535c7d6201e8304c92f38c922a9a3a36c6877"

[[projects]]
  name = "google.golang.org/appengine"
  packages = [".","internal","internal/app_identity","internal/base","internal/datastore","internal/log","internal/modules","internal/remote_api","internal/urlfetch","urlfetch"]
  revision = "150dc57a1b433e64154302bdc40b6bb8aefa313a"
  version = "v1.0.0"

[[projects]]
  branch = "master"
  name = "google.golang.org/genproto"
  packages = ["googleapis/rpc/status"]
  revision = "11c7f9e547da6db876260ce49ea7536985904c9b"

[[projects]]
  name = "google.golang.org/grpc"
  packages = [".","balancer","codes","connectivity","credentials","grpclb/grpc_lb_v1/messages","grpclog","internal","keepalive","metadata","naming","peer","resolver","stats","status","tap","transport"]
  revision = "401e0e00e4bb830a10496d64cd95e068c5bf50de"
  version = "v1.7.3"

[[projects]]
  name = "gopkg.in/fsnotify.v1"
  packages = ["."]
  revision = "96c060f6a6b7e0d6f75fddd10efeaca3e5d1bcb0"
  version = "v1.2.0"

[[projects]]
  name = "gopkg.in/square/go-jose.v2"
  packages = [".","cipher","json"]
  revision = "af13e1fbc7ac2df7f7eab54e5177104d546d0e9c"
  version = "v2.1.1"

[solve-meta]
  analyzer-name = "dep"
  analyzer-version = 1
  inputs-digest = "be35e829058284e0572f38183ca62dfb2506c0c156319301d455de1d635fe41c"
  solver-name = "gps-cdcl"
  solver-version = 1
